
Microsoft Visual Studio Solution File, Format Version 12.00
# Visual Studio Version 17
VisualStudioVersion = 17.4.33403.182
MinimumVisualStudioVersion = 10.0.40219.1
Project("{FAE04EC0-301F-11D3-BF4B-00C04F79EFBC}") = "ProgrammingConstructs", "ProgrammingConstructs\ProgrammingConstructs.csproj", "{8EE0433C-E861-47C3-BF89-060873DF3994}"
EndProject
Global
	GlobalSection(SolutionConfigurationPlatforms) = preSolution
		Debug|Any CPU = Debug|Any CPU
		Release|Any CPU = Release|Any CPU
	EndGlobalSection
	GlobalSection(ProjectConfigurationPlatforms) = postSolution
		{8EE0433C-E861-47C3-BF89-060873DF3994}.Debug|Any CPU.ActiveCfg = Debug|Any CPU
		{8EE0433C-E861-47C3-BF89-060873DF3994}.Debug|Any CPU.Build.0 = Debug|Any CPU
		{8EE0433C-E861-47C3-BF89-060873DF3994}.Release|Any CPU.ActiveCfg = Release|Any CPU
		{8EE0433C-E861-47C3-BF89-060873DF3994}.Release|Any CPU.Build.0 = Release|Any CPU
	EndGlobalSection
	GlobalSection(SolutionProperties) = preSolution
		HideSolutionNode = FALSE
	EndGlobalSection
	GlobalSection(ExtensibilityGlobals) = postSolution
		SolutionGuid = {A48FC1BB-C6C7-4E69-9200-B2528ECD5C93}
	EndGlobalSection
EndGlobal
